
Microsoft Visual Studio Solution File, Format Version 12.00
# Visual Studio Version 16
VisualStudioVersion = 16.0.31205.134
MinimumVisualStudioVersion = 10.0.40219.1
Project("{FAE04EC0-301F-11D3-BF4B-00C04F79EFBC}") = "Chess", "Chess.csproj", "{937D14F5-3F75-4368-8B39-DA76C0AC3570}"
EndProject
Global
	GlobalSection(SolutionConfigurationPlatforms) = preSolution
		Debug|Any CPU = Debug|Any CPU
		Release|Any CPU = Release|Any CPU
	EndGlobalSection
	GlobalSection(ProjectConfigurationPlatforms) = postSolution
		{937D14F5-3F75-4368-8B39-DA76C0AC3570}.Debug|Any CPU.ActiveCfg = Debug|Any CPU
		{937D14F5-3F75-4368-8B39-DA76C0AC3570}.Debug|Any CPU.Build.0 = Debug|Any CPU
		{937D14F5-3F75-4368-8B39-DA76C0AC3570}.Release|Any CPU.ActiveCfg = Release|Any CPU
		{937D14F5-3F75-4368-8B39-DA76C0AC3570}.Release|Any CPU.Build.0 = Release|Any CPU
	EndGlobalSection
	GlobalSection(SolutionProperties) = preSolution
		HideSolutionNode = FALSE
	EndGlobalSection
	GlobalSection(ExtensibilityGlobals) = postSolution
		SolutionGuid = {7F794887-5AF5-4B03-92C3-AE522FE183E0}
	EndGlobalSection
EndGlobal
